// !$*UTF8*$!
{
	archiveVersion = 1;
	classes = {
	};
	objectVersion = 46;
	objects = {

/* Begin PBXBuildFile section */
		4C3F6E63E05C22839367CC78 /* Pods_SwiftStitch.framework in Frameworks */ = {isa = PBXBuildFile; fileRef = 604519657C1BE2C9496672A4 /* Pods_SwiftStitch.framework */; };
		ED196167242F871F00CEF5CB /* UIImage+Resize.m in Sources */ = {isa = PBXBuildFile; fileRef = ED196166242F871F00CEF5CB /* UIImage+Resize.m */; };
		ED68BDBF242F7BEE000C4246 /* SwViewController.swift in Sources */ = {isa = PBXBuildFile; fileRef = ED68BDA9242F7BED000C4246 /* SwViewController.swift */; };
		ED68BDC0242F7BEE000C4246 /* PanaromaViewController.storyboard in Resources */ = {isa = PBXBuildFile; fileRef = ED68BDAB242F7BED000C4246 /* PanaromaViewController.storyboard */; };
		ED68BDC1242F7BEE000C4246 /* PanaromaViewController.swift in Sources */ = {isa = PBXBuildFile; fileRef = ED68BDAC242F7BED000C4246 /* PanaromaViewController.swift */; };
		ED68BDC2242F7BEE000C4246 /* stitching.cpp in Sources */ = {isa = PBXBuildFile; fileRef = ED68BDAE242F7BED000C4246 /* stitching.cpp */; };
		ED68BDC3242F7BEE000C4246 /* UIImage+OpenCV.mm in Sources */ = {isa = PBXBuildFile; fileRef = ED68BDB2242F7BED000C4246 /* UIImage+OpenCV.mm */; };
		ED68BDC4242F7BEE000C4246 /* UIImage+Rotate.m in Sources */ = {isa = PBXBuildFile; fileRef = ED68BDB3242F7BED000C4246 /* UIImage+Rotate.m */; };
		ED68BDC5242F7BEE000C4246 /* CVWrapper.mm in Sources */ = {isa = PBXBuildFile; fileRef = ED68BDB5242F7BED000C4246 /* CVWrapper.mm */; };
		ED68BDC6242F7BEE000C4246 /* Images.xcassets in Resources */ = {isa = PBXBuildFile; fileRef = ED68BDB7242F7BED000C4246 /* Images.xcassets */; };
		ED68BDC7242F7BEE000C4246 /* LaunchScreen.storyboard in Resources */ = {isa = PBXBuildFile; fileRef = ED68BDB9242F7BED000C4246 /* LaunchScreen.storyboard */; };
		ED68BDC8242F7BEE000C4246 /* Main.storyboard in Resources */ = {isa = PBXBuildFile; fileRef = ED68BDBB242F7BED000C4246 /* Main.storyboard */; };
		ED68BDC9242F7BEE000C4246 /* AppDelegate.swift in Sources */ = {isa = PBXBuildFile; fileRef = ED68BDBD242F7BED000C4246 /* AppDelegate.swift */; };
		ED74C4AE242F7C710008DE4C /* PanaromaViewModel.swift in Sources */ = {isa = PBXBuildFile; fileRef = ED74C4AD242F7C710008DE4C /* PanaromaViewModel.swift */; };
/* End PBXBuildFile section */

/* Begin PBXFileReference section */
		082CBAB6CF41A8DCCC8BD7FE /* Pods-SwiftStitch.release.xcconfig */ = {isa = PBXFileReference; includeInIndex = 1; lastKnownFileType = text.xcconfig; name = "Pods-SwiftStitch.release.xcconfig"; path = "Pods/Target Support Files/Pods-SwiftStitch/Pods-SwiftStitch.release.xcconfig"; sourceTree = "<group>"; };
		604519657C1BE2C9496672A4 /* Pods_SwiftStitch.framework */ = {isa = PBXFileReference; explicitFileType = wrapper.framework; includeInIndex = 0; path = Pods_SwiftStitch.framework; sourceTree = BUILT_PRODUCTS_DIR; };
		7CABB256A5D457E57F46E1EA /* Pods-SwiftStitch.debug.xcconfig */ = {isa = PBXFileReference; includeInIndex = 1; lastKnownFileType = text.xcconfig; name = "Pods-SwiftStitch.debug.xcconfig"; path = "Pods/Target Support Files/Pods-SwiftStitch/Pods-SwiftStitch.debug.xcconfig"; sourceTree = "<group>"; };
		AB6D1AEE193F9B6600F8B0F5 /* README.markdown */ = {isa = PBXFileReference; fileEncoding = 4; lastKnownFileType = net.daringfireball.markdown; path = README.markdown; sourceTree = "<group>"; };
		AB7D8E83193F33B40059EE63 /* libz.dylib */ = {isa = PBXFileReference; lastKnownFileType = "compiled.mach-o.dylib"; name = libz.dylib; path = usr/lib/libz.dylib; sourceTree = SDKROOT; };
		AB896A82193E8E830018B9EC /* SwiftStitch.app */ = {isa = PBXFileReference; explicitFileType = wrapper.application; includeInIndex = 0; path = SwiftStitch.app; sourceTree = BUILT_PRODUCTS_DIR; };
		ED196165242F871F00CEF5CB /* UIImage+Resize.h */ = {isa = PBXFileReference; lastKnownFileType = sourcecode.c.h; path = "UIImage+Resize.h"; sourceTree = "<group>"; };
		ED196166242F871F00CEF5CB /* UIImage+Resize.m */ = {isa = PBXFileReference; lastKnownFileType = sourcecode.c.objc; path = "UIImage+Resize.m"; sourceTree = "<group>"; };
		ED68BDA9242F7BED000C4246 /* SwViewController.swift */ = {isa = PBXFileReference; fileEncoding = 4; lastKnownFileType = sourcecode.swift; path = SwViewController.swift; sourceTree = "<group>"; };
		ED68BDAB242F7BED000C4246 /* PanaromaViewController.storyboard */ = {isa = PBXFileReference; fileEncoding = 4; lastKnownFileType = file.storyboard; path = PanaromaViewController.storyboard; sourceTree = "<group>"; };
		ED68BDAC242F7BED000C4246 /* PanaromaViewController.swift */ = {isa = PBXFileReference; fileEncoding = 4; lastKnownFileType = sourcecode.swift; path = PanaromaViewController.swift; sourceTree = "<group>"; };
		ED68BDAE242F7BED000C4246 /* stitching.cpp */ = {isa = PBXFileReference; fileEncoding = 4; lastKnownFileType = sourcecode.cpp.cpp; path = stitching.cpp; sourceTree = "<group>"; };
		ED68BDAF242F7BED000C4246 /* UIImage+Rotate.h */ = {isa = PBXFileReference; fileEncoding = 4; lastKnownFileType = sourcecode.c.h; path = "UIImage+Rotate.h"; sourceTree = "<group>"; };
		ED68BDB0242F7BED000C4246 /* UIImage+OpenCV.h */ = {isa = PBXFileReference; fileEncoding = 4; lastKnownFileType = sourcecode.c.h; path = "UIImage+OpenCV.h"; sourceTree = "<group>"; };
		ED68BDB1242F7BED000C4246 /* CVWrapper.h */ = {isa = PBXFileReference; fileEncoding = 4; lastKnownFileType = sourcecode.c.h; path = CVWrapper.h; sourceTree = "<group>"; };
		ED68BDB2242F7BED000C4246 /* UIImage+OpenCV.mm */ = {isa = PBXFileReference; fileEncoding = 4; lastKnownFileType = sourcecode.cpp.objcpp; path = "UIImage+OpenCV.mm"; sourceTree = "<group>"; };
		ED68BDB3242F7BED000C4246 /* UIImage+Rotate.m */ = {isa = PBXFileReference; fileEncoding = 4; lastKnownFileType = sourcecode.c.objc; path = "UIImage+Rotate.m"; sourceTree = "<group>"; };
		ED68BDB4242F7BED000C4246 /* stitching.h */ = {isa = PBXFileReference; fileEncoding = 4; lastKnownFileType = sourcecode.c.h; path = stitching.h; sourceTree = "<group>"; };
		ED68BDB5242F7BED000C4246 /* CVWrapper.mm */ = {isa = PBXFileReference; fileEncoding = 4; lastKnownFileType = sourcecode.cpp.objcpp; path = CVWrapper.mm; sourceTree = "<group>"; };
		ED68BDB7242F7BED000C4246 /* Images.xcassets */ = {isa = PBXFileReference; lastKnownFileType = folder.assetcatalog; path = Images.xcassets; sourceTree = "<group>"; };
		ED68BDB9242F7BED000C4246 /* LaunchScreen.storyboard */ = {isa = PBXFileReference; fileEncoding = 4; lastKnownFileType = file.storyboard; path = LaunchScreen.storyboard; sourceTree = "<group>"; };
		ED68BDBA242F7BED000C4246 /* SwiftStitch-Bridging-Header.h */ = {isa = PBXFileReference; fileEncoding = 4; lastKnownFileType = sourcecode.c.h; path = "SwiftStitch-Bridging-Header.h"; sourceTree = "<group>"; };
		ED68BDBC242F7BED000C4246 /* Base */ = {isa = PBXFileReference; lastKnownFileType = file.storyboard; name = Base; path = Base.lproj/Main.storyboard; sourceTree = "<group>"; };
		ED68BDBD242F7BED000C4246 /* AppDelegate.swift */ = {isa = PBXFileReference; fileEncoding = 4; lastKnownFileType = sourcecode.swift; path = AppDelegate.swift; sourceTree = "<group>"; };
		ED68BDBE242F7BED000C4246 /* Info.plist */ = {isa = PBXFileReference; fileEncoding = 4; lastKnownFileType = text.plist.xml; path = Info.plist; sourceTree = "<group>"; };
		ED74C4AD242F7C710008DE4C /* PanaromaViewModel.swift */ = {isa = PBXFileReference; lastKnownFileType = sourcecode.swift; path = PanaromaViewModel.swift; sourceTree = "<group>"; };
/* End PBXFileReference section */

/* Begin PBXFrameworksBuildPhase section */
		AB896A7F193E8E830018B9EC /* Frameworks */ = {
			isa = PBXFrameworksBuildPhase;
			buildActionMask = 2147483647;
			files = (
				4C3F6E63E05C22839367CC78 /* Pods_SwiftStitch.framework in Frameworks */,
			);
			runOnlyForDeploymentPostprocessing = 0;
		};
/* End PBXFrameworksBuildPhase section */

/* Begin PBXGroup section */
		3A1C470CB266AAEDD4677B08 /* Pods */ = {
			isa = PBXGroup;
			children = (
				7CABB256A5D457E57F46E1EA /* Pods-SwiftStitch.debug.xcconfig */,
				082CBAB6CF41A8DCCC8BD7FE /* Pods-SwiftStitch.release.xcconfig */,
			);
			name = Pods;
			sourceTree = "<group>";
		};
		AB896A79193E8E830018B9EC = {
			isa = PBXGroup;
			children = (
				AB6D1AEE193F9B6600F8B0F5 /* README.markdown */,
				AB896A84193E8E830018B9EC /* SwiftStitch */,
				AB896A83193E8E830018B9EC /* Products */,
				EE5F212F31B24F2C835C369D /* Frameworks */,
				3A1C470CB266AAEDD4677B08 /* Pods */,
			);
			sourceTree = "<group>";
		};
		AB896A83193E8E830018B9EC /* Products */ = {
			isa = PBXGroup;
			children = (
				AB896A82193E8E830018B9EC /* SwiftStitch.app */,
			);
			name = Products;
			sourceTree = "<group>";
		};
		AB896A84193E8E830018B9EC /* SwiftStitch */ = {
			isa = PBXGroup;
			children = (
				ED68BDB8242F7BED000C4246 /* Application */,
				ED68BDB6242F7BED000C4246 /* Resources */,
				ED68BDA8242F7BED000C4246 /* Scenes */,
				ED68BDAD242F7BED000C4246 /* Wrapper */,
			);
			path = SwiftStitch;
			sourceTree = "<group>";
		};
		ED68BDA8242F7BED000C4246 /* Scenes */ = {
			isa = PBXGroup;
			children = (
				ED68BDA9242F7BED000C4246 /* SwViewController.swift */,
				ED68BDAA242F7BED000C4246 /* PanaromaScene */,
			);
			path = Scenes;
			sourceTree = "<group>";
		};
		ED68BDAA242F7BED000C4246 /* PanaromaScene */ = {
			isa = PBXGroup;
			children = (
				ED68BDAB242F7BED000C4246 /* PanaromaViewController.storyboard */,
				ED68BDAC242F7BED000C4246 /* PanaromaViewController.swift */,
				ED74C4AD242F7C710008DE4C /* PanaromaViewModel.swift */,
			);
			path = PanaromaScene;
			sourceTree = "<group>";
		};
		ED68BDAD242F7BED000C4246 /* Wrapper */ = {
			isa = PBXGroup;
			children = (
				ED68BDB1242F7BED000C4246 /* CVWrapper.h */,
				ED68BDB5242F7BED000C4246 /* CVWrapper.mm */,
				ED68BDAE242F7BED000C4246 /* stitching.cpp */,
				ED68BDB4242F7BED000C4246 /* stitching.h */,
				ED68BDB0242F7BED000C4246 /* UIImage+OpenCV.h */,
				ED68BDB2242F7BED000C4246 /* UIImage+OpenCV.mm */,
				ED196165242F871F00CEF5CB /* UIImage+Resize.h */,
				ED196166242F871F00CEF5CB /* UIImage+Resize.m */,
				ED68BDAF242F7BED000C4246 /* UIImage+Rotate.h */,
				ED68BDB3242F7BED000C4246 /* UIImage+Rotate.m */,
			);
			path = Wrapper;
			sourceTree = "<group>";
		};
		ED68BDB6242F7BED000C4246 /* Resources */ = {
			isa = PBXGroup;
			children = (
				ED68BDB7242F7BED000C4246 /* Images.xcassets */,
			);
			path = Resources;
			sourceTree = "<group>";
		};
		ED68BDB8242F7BED000C4246 /* Application */ = {
			isa = PBXGroup;
			children = (
				ED68BDB9242F7BED000C4246 /* LaunchScreen.storyboard */,
				ED68BDBA242F7BED000C4246 /* SwiftStitch-Bridging-Header.h */,
				ED68BDBB242F7BED000C4246 /* Main.storyboard */,
				ED68BDBD242F7BED000C4246 /* AppDelegate.swift */,
				ED68BDBE242F7BED000C4246 /* Info.plist */,
			);
			path = Application;
			sourceTree = "<group>";
		};
		EE5F212F31B24F2C835C369D /* Frameworks */ = {
			isa = PBXGroup;
			children = (
				AB7D8E83193F33B40059EE63 /* libz.dylib */,
				604519657C1BE2C9496672A4 /* Pods_SwiftStitch.framework */,
			);
			name = Frameworks;
			sourceTree = "<group>";
		};
/* End PBXGroup section */

/* Begin PBXNativeTarget section */
		AB896A81193E8E830018B9EC /* SwiftStitch */ = {
			isa = PBXNativeTarget;
			buildConfigurationList = AB896A9E193E8E830018B9EC /* Build configuration list for PBXNativeTarget "SwiftStitch" */;
			buildPhases = (
				FEC90B01B1ACAC0FA3042E34 /* [CP] Check Pods Manifest.lock */,
				AB896A7E193E8E830018B9EC /* Sources */,
				AB896A7F193E8E830018B9EC /* Frameworks */,
				AB896A80193E8E830018B9EC /* Resources */,
			);
			buildRules = (
			);
			dependencies = (
			);
			name = SwiftStitch;
			productName = SwiftStitch;
			productReference = AB896A82193E8E830018B9EC /* SwiftStitch.app */;
			productType = "com.apple.product-type.application";
		};
/* End PBXNativeTarget section */

/* Begin PBXProject section */
		AB896A7A193E8E830018B9EC /* Project object */ = {
			isa = PBXProject;
			attributes = {
				LastSwiftMigration = 0700;
				LastSwiftUpdateCheck = 0700;
				LastUpgradeCheck = 1000;
				ORGANIZATIONNAME = "Mahmut Pinarbasi";
				TargetAttributes = {
					AB896A81193E8E830018B9EC = {
						CreatedOnToolsVersion = 6.0;
						DevelopmentTeam = 2UUQKKJ6UJ;
						LastSwiftMigration = 1000;
					};
				};
			};
			buildConfigurationList = AB896A7D193E8E830018B9EC /* Build configuration list for PBXProject "SwiftStitch" */;
			compatibilityVersion = "Xcode 3.2";
			developmentRegion = en;
			hasScannedForEncodings = 0;
			knownRegions = (
				Base,
				en,
			);
			mainGroup = AB896A79193E8E830018B9EC;
			productRefGroup = AB896A83193E8E830018B9EC /* Products */;
			projectDirPath = "";
			projectRoot = "";
			targets = (
				AB896A81193E8E830018B9EC /* SwiftStitch */,
			);
		};
/* End PBXProject section */

/* Begin PBXResourcesBuildPhase section */
		AB896A80193E8E830018B9EC /* Resources */ = {
			isa = PBXResourcesBuildPhase;
			buildActionMask = 2147483647;
			files = (
				ED68BDC7242F7BEE000C4246 /* LaunchScreen.storyboard in Resources */,
				ED68BDC0242F7BEE000C4246 /* PanaromaViewController.storyboard in Resources */,
				ED68BDC6242F7BEE000C4246 /* Images.xcassets in Resources */,
				ED68BDC8242F7BEE000C4246 /* Main.storyboard in Resources */,
			);
			runOnlyForDeploymentPostprocessing = 0;
		};
/* End PBXResourcesBuildPhase section */

/* Begin PBXShellScriptBuildPhase section */
		FEC90B01B1ACAC0FA3042E34 /* [CP] Check Pods Manifest.lock */ = {
			isa = PBXShellScriptBuildPhase;
			buildActionMask = 2147483647;
			files = (
			);
			inputFileListPaths = (
			);
			inputPaths = (
				"${PODS_PODFILE_DIR_PATH}/Podfile.lock",
				"${PODS_ROOT}/Manifest.lock",
			);
			name = "[CP] Check Pods Manifest.lock";
			outputFileListPaths = (
			);
			outputPaths = (
				"$(DERIVED_FILE_DIR)/Pods-SwiftStitch-checkManifestLockResult.txt",
			);
			runOnlyForDeploymentPostprocessing = 0;
			shellPath = /bin/sh;
			shellScript = "diff \"${PODS_PODFILE_DIR_PATH}/Podfile.lock\" \"${PODS_ROOT}/Manifest.lock\" > /dev/null\nif [ $? != 0 ] ; then\n    # print error to STDERR\n    echo \"error: The sandbox is not in sync with the Podfile.lock. Run 'pod install' or update your CocoaPods installation.\" >&2\n    exit 1\nfi\n# This output is used by Xcode 'outputs' to avoid re-running this script phase.\necho \"SUCCESS\" > \"${SCRIPT_OUTPUT_FILE_0}\"\n";
			showEnvVarsInLog = 0;
		};
/* End PBXShellScriptBuildPhase section */

/* Begin PBXSourcesBuildPhase section */
		AB896A7E193E8E830018B9EC /* Sources */ = {
			isa = PBXSourcesBuildPhase;
			buildActionMask = 2147483647;
			files = (
				ED68BDC5242F7BEE000C4246 /* CVWrapper.mm in Sources */,
				ED68BDC3242F7BEE000C4246 /* UIImage+OpenCV.mm in Sources */,
				ED68BDBF242F7BEE000C4246 /* SwViewController.swift in Sources */,
				ED68BDC1242F7BEE000C4246 /* PanaromaViewController.swift in Sources */,
				ED68BDC9242F7BEE000C4246 /* AppDelegate.swift in Sources */,
				ED196167242F871F00CEF5CB /* UIImage+Resize.m in Sources */,
				ED74C4AE242F7C710008DE4C /* PanaromaViewModel.swift in Sources */,
				ED68BDC4242F7BEE000C4246 /* UIImage+Rotate.m in Sources */,
				ED68BDC2242F7BEE000C4246 /* stitching.cpp in Sources */,
			);
			runOnlyForDeploymentPostprocessing = 0;
		};
/* End PBXSourcesBuildPhase section */

/* Begin PBXVariantGroup section */
		ED68BDBB242F7BED000C4246 /* Main.storyboard */ = {
			isa = PBXVariantGroup;
			children = (
				ED68BDBC242F7BED000C4246 /* Base */,
			);
			name = Main.storyboard;
			sourceTree = "<group>";
		};
/* End PBXVariantGroup section */

/* Begin XCBuildConfiguration section */
		AB896A9C193E8E830018B9EC /* Debug */ = {
			isa = XCBuildConfiguration;
			buildSettings = {
				ALWAYS_SEARCH_USER_PATHS = NO;
				CLANG_CXX_LANGUAGE_STANDARD = "gnu++0x";
				CLANG_CXX_LIBRARY = "libc++";
				CLANG_ENABLE_MODULES = YES;
				CLANG_ENABLE_OBJC_ARC = YES;
				CLANG_WARN_BLOCK_CAPTURE_AUTORELEASING = YES;
				CLANG_WARN_BOOL_CONVERSION = YES;
				CLANG_WARN_COMMA = YES;
				CLANG_WARN_CONSTANT_CONVERSION = YES;
				CLANG_WARN_DEPRECATED_OBJC_IMPLEMENTATIONS = YES;
				CLANG_WARN_DIRECT_OBJC_ISA_USAGE = YES_ERROR;
				CLANG_WARN_EMPTY_BODY = YES;
				CLANG_WARN_ENUM_CONVERSION = YES;
				CLANG_WARN_INFINITE_RECURSION = YES;
				CLANG_WARN_INT_CONVERSION = YES;
				CLANG_WARN_NON_LITERAL_NULL_CONVERSION = YES;
				CLANG_WARN_OBJC_IMPLICIT_RETAIN_SELF = YES;
				CLANG_WARN_OBJC_LITERAL_CONVERSION = YES;
				CLANG_WARN_OBJC_ROOT_CLASS = YES_ERROR;
				CLANG_WARN_RANGE_LOOP_ANALYSIS = YES;
				CLANG_WARN_STRICT_PROTOTYPES = YES;
				CLANG_WARN_SUSPICIOUS_MOVE = YES;
				CLANG_WARN_UNREACHABLE_CODE = YES;
				CLANG_WARN__DUPLICATE_METHOD_MATCH = YES;
				"CODE_SIGN_IDENTITY[sdk=iphoneos*]" = "iPhone Developer";
				COPY_PHASE_STRIP = NO;
				ENABLE_STRICT_OBJC_MSGSEND = YES;
				ENABLE_TESTABILITY = YES;
				GCC_C_LANGUAGE_STANDARD = gnu99;
				GCC_DYNAMIC_NO_PIC = NO;
				GCC_NO_COMMON_BLOCKS = YES;
				GCC_OPTIMIZATION_LEVEL = 0;
				GCC_PREPROCESSOR_DEFINITIONS = (
					"DEBUG=1",
					"$(inherited)",
				);
				GCC_SYMBOLS_PRIVATE_EXTERN = NO;
				GCC_WARN_64_TO_32_BIT_CONVERSION = YES;
				GCC_WARN_ABOUT_RETURN_TYPE = YES_ERROR;
				GCC_WARN_UNDECLARED_SELECTOR = YES;
				GCC_WARN_UNINITIALIZED_AUTOS = YES_AGGRESSIVE;
				GCC_WARN_UNUSED_FUNCTION = YES;
				GCC_WARN_UNUSED_VARIABLE = YES;
				IPHONEOS_DEPLOYMENT_TARGET = 8.0;
				METAL_ENABLE_DEBUG_INFO = YES;
				ONLY_ACTIVE_ARCH = YES;
				SDKROOT = iphoneos;
				SWIFT_OPTIMIZATION_LEVEL = "-Onone";
				TARGETED_DEVICE_FAMILY = "1,2";
			};
			name = Debug;
		};
		AB896A9D193E8E830018B9EC /* Release */ = {
			isa = XCBuildConfiguration;
			buildSettings = {
				ALWAYS_SEARCH_USER_PATHS = NO;
				CLANG_CXX_LANGUAGE_STANDARD = "gnu++0x";
				CLANG_CXX_LIBRARY = "libc++";
				CLANG_ENABLE_MODULES = YES;
				CLANG_ENABLE_OBJC_ARC = YES;
				CLANG_WARN_BLOCK_CAPTURE_AUTORELEASING = YES;
				CLANG_WARN_BOOL_CONVERSION = YES;
				CLANG_WARN_COMMA = YES;
				CLANG_WARN_CONSTANT_CONVERSION = YES;
				CLANG_WARN_DEPRECATED_OBJC_IMPLEMENTATIONS = YES;
				CLANG_WARN_DIRECT_OBJC_ISA_USAGE = YES_ERROR;
				CLANG_WARN_EMPTY_BODY = YES;
				CLANG_WARN_ENUM_CONVERSION = YES;
				CLANG_WARN_INFINITE_RECURSION = YES;
				CLANG_WARN_INT_CONVERSION = YES;
				CLANG_WARN_NON_LITERAL_NULL_CONVERSION = YES;
				CLANG_WARN_OBJC_IMPLICIT_RETAIN_SELF = YES;
				CLANG_WARN_OBJC_LITERAL_CONVERSION = YES;
				CLANG_WARN_OBJC_ROOT_CLASS = YES_ERROR;
				CLANG_WARN_RANGE_LOOP_ANALYSIS = YES;
				CLANG_WARN_STRICT_PROTOTYPES = YES;
				CLANG_WARN_SUSPICIOUS_MOVE = YES;
				CLANG_WARN_UNREACHABLE_CODE = YES;
				CLANG_WARN__DUPLICATE_METHOD_MATCH = YES;
				"CODE_SIGN_IDENTITY[sdk=iphoneos*]" = "iPhone Developer";
				COPY_PHASE_STRIP = YES;
				ENABLE_NS_ASSERTIONS = NO;
				ENABLE_STRICT_OBJC_MSGSEND = YES;
				GCC_C_LANGUAGE_STANDARD = gnu99;
				GCC_NO_COMMON_BLOCKS = YES;
				GCC_WARN_64_TO_32_BIT_CONVERSION = YES;
				GCC_WARN_ABOUT_RETURN_TYPE = YES_ERROR;
				GCC_WARN_UNDECLARED_SELECTOR = YES;
				GCC_WARN_UNINITIALIZED_AUTOS = YES_AGGRESSIVE;
				GCC_WARN_UNUSED_FUNCTION = YES;
				GCC_WARN_UNUSED_VARIABLE = YES;
				IPHONEOS_DEPLOYMENT_TARGET = 8.0;
				METAL_ENABLE_DEBUG_INFO = NO;
				SDKROOT = iphoneos;
				SWIFT_OPTIMIZATION_LEVEL = "-Owholemodule";
				TARGETED_DEVICE_FAMILY = "1,2";
				VALIDATE_PRODUCT = YES;
			};
			name = Release;
		};
		AB896A9F193E8E830018B9EC /* Debug */ = {
			isa = XCBuildConfiguration;
			baseConfigurationReference = 7CABB256A5D457E57F46E1EA /* Pods-SwiftStitch.debug.xcconfig */;
			buildSettings = {
				ASSETCATALOG_COMPILER_APPICON_NAME = AppIcon;
				CLANG_ENABLE_MODULES = YES;
				DEVELOPMENT_TEAM = 2UUQKKJ6UJ;
				ENABLE_BITCODE = NO;
				INFOPLIST_FILE = "$(SRCROOT)/SwiftStitch/Application/Info.plist";
				IPHONEOS_DEPLOYMENT_TARGET = 10.0;
				LD_RUNPATH_SEARCH_PATHS = "$(inherited) @executable_path/Frameworks";
				PRODUCT_BUNDLE_IDENTIFIER = com.mp.panaromicImage;
				PRODUCT_NAME = "$(TARGET_NAME)";
				SWIFT_OBJC_BRIDGING_HEADER = "SwiftStitch/Application/SwiftStitch-Bridging-Header.h";
				SWIFT_OPTIMIZATION_LEVEL = "-Onone";
				SWIFT_SWIFT3_OBJC_INFERENCE = Default;
				SWIFT_VERSION = 5.0;
			};
			name = Debug;
		};
		AB896AA0193E8E830018B9EC /* Release */ = {
			isa = XCBuildConfiguration;
			baseConfigurationReference = 082CBAB6CF41A8DCCC8BD7FE /* Pods-SwiftStitch.release.xcconfig */;
			buildSettings = {
				ASSETCATALOG_COMPILER_APPICON_NAME = AppIcon;
				CLANG_ENABLE_MODULES = YES;
				DEVELOPMENT_TEAM = 2UUQKKJ6UJ;
				ENABLE_BITCODE = NO;
				INFOPLIST_FILE = "$(SRCROOT)/SwiftStitch/Application/Info.plist";
				IPHONEOS_DEPLOYMENT_TARGET = 10.0;
				LD_RUNPATH_SEARCH_PATHS = "$(inherited) @executable_path/Frameworks";
				PRODUCT_BUNDLE_IDENTIFIER = com.mp.panaromicImage;
				PRODUCT_NAME = "$(TARGET_NAME)";
				SWIFT_OBJC_BRIDGING_HEADER = "SwiftStitch/Application/SwiftStitch-Bridging-Header.h";
				SWIFT_SWIFT3_OBJC_INFERENCE = Default;
				SWIFT_VERSION = 5.0;
			};
			name = Release;
		};
/* End XCBuildConfiguration section */

/* Begin XCConfigurationList section */
		AB896A7D193E8E830018B9EC /* Build configuration list for PBXProject "SwiftStitch" */ = {
			isa = XCConfigurationList;
			buildConfigurations = (
				AB896A9C193E8E830018B9EC /* Debug */,
				AB896A9D193E8E830018B9EC /* Release */,
			);
			defaultConfigurationIsVisible = 0;
			defaultConfigurationName = Release;
		};
		AB896A9E193E8E830018B9EC /* Build configuration list for PBXNativeTarget "SwiftStitch" */ = {
			isa = XCConfigurationList;
			buildConfigurations = (
				AB896A9F193E8E830018B9EC /* Debug */,
				AB896AA0193E8E830018B9EC /* Release */,
			);
			defaultConfigurationIsVisible = 0;
			defaultConfigurationName = Release;
		};
/* End XCConfigurationList section */
	};
	rootObject = AB896A7A193E8E830018B9EC /* Project object */;
}
